Microsoft Visual Studio Solution File, Format Version 12.00
# Visual Studio Version 17
VisualStudioVersion = 17.5.2.0
MinimumVisualStudioVersion = 10.0.40219.1
Project("{FAE04EC0-301F-11D3-BF4B-00C04F79EFBC}") = "Moddy", "Moddy.csproj", "{5629DAB0-95E6-6414-9E68-0BE4ADA6F8E2}"
EndProject
Global
	GlobalSection(SolutionConfigurationPlatforms) = preSolution
		Debug|Any CPU = Debug|Any CPU
		Release|Any CPU = Release|Any CPU
	EndGlobalSection
	GlobalSection(ProjectConfigurationPlatforms) = postSolution
		{5629DAB0-95E6-6414-9E68-0BE4ADA6F8E2}.Debug|Any CPU.ActiveCfg = Debug|Any CPU
		{5629DAB0-95E6-6414-9E68-0BE4ADA6F8E2}.Debug|Any CPU.Build.0 = Debug|Any CPU
		{5629DAB0-95E6-6414-9E68-0BE4ADA6F8E2}.Release|Any CPU.ActiveCfg = Release|Any CPU
		{5629DAB0-95E6-6414-9E68-0BE4ADA6F8E2}.Release|Any CPU.Build.0 = Release|Any CPU
	EndGlobalSection
	GlobalSection(SolutionProperties) = preSolution
		HideSolutionNode = FALSE
	EndGlobalSection
	GlobalSection(ExtensibilityGlobals) = postSolution
		SolutionGuid = {7A31C86A-0A55-47DD-AAB6-13728A9B2AD9}
	EndGlobalSection
EndGlobal
